
Microsoft Visual Studio Solution File, Format Version 12.00
# Visual Studio Version 17
VisualStudioVersion = 17.5.2.0
MinimumVisualStudioVersion = 10.0.40219.1
Project("{2150E333-8FDC-42A3-9474-1A3956D46DE8}") = "Laboratory.First", "Laboratory.First", "{F7A6A38C-7D38-51B1-C860-C0DE1FC8DC09}"
EndProject
Project("{FAE04EC0-301F-11D3-BF4B-00C04F79EFBC}") = "ClassLib", "Laboratory.First\ClassLib\ClassLib.csproj", "{B4DD1CE5-7952-A00B-CD0E-E039BED1A1F4}"
EndProject
Project("{FAE04EC0-301F-11D3-BF4B-00C04F79EFBC}") = "ConsoleApp", "Laboratory.First\ConsoleApp\ConsoleApp.csproj", "{FF8C4E31-DCA4-4027-A616-04211FECF7A9}"
EndProject
Project("{FAE04EC0-301F-11D3-BF4B-00C04F79EFBC}") = "TestProject", "Laboratory.First\TestProject\TestProject.csproj", "{FEF0FD88-4E1B-4F5A-9739-AB85F8D3EFA9}"
EndProject
Project("{2150E333-8FDC-42A3-9474-1A3956D46DE8}") = "Laboratory.Second", "Laboratory.Second", "{B252AE90-B35C-51FF-72BC-CBF7730B58CF}"
EndProject
Project("{FAE04EC0-301F-11D3-BF4B-00C04F79EFBC}") = "ClassLib.Second", "Laboratory.Second\ClassLib\ClassLib.Second.csproj", "{C093AE29-476D-43A5-A42B-15014A64ABB6}"
EndProject
Project("{FAE04EC0-301F-11D3-BF4B-00C04F79EFBC}") = "ConsoleApp.Second", "Laboratory.Second\ConsoleApp\ConsoleApp.Second.csproj", "{F6ACD5E2-341C-4BC7-9147-7FBD7669B673}"
EndProject
Project("{FAE04EC0-301F-11D3-BF4B-00C04F79EFBC}") = "TestProject.Second", "Laboratory.Second\TestProject\TestProject.Second.csproj", "{CE5D4901-CDF6-4A22-AD2F-FD61EAD4BB75}"
EndProject
Project("{2150E333-8FDC-42A3-9474-1A3956D46DE8}") = "Laboratory.Third", "Laboratory.Third", "{791FE5F1-C98C-71A1-BF72-BD2F7CF40B34}"
EndProject
Project("{FAE04EC0-301F-11D3-BF4B-00C04F79EFBC}") = "ClassLib.Third", "Laboratory.Third\ClassLib.Third\ClassLib.Third.csproj", "{01B9BBC7-12DB-4184-9110-43C4DA6E7DF8}"
EndProject
Project("{FAE04EC0-301F-11D3-BF4B-00C04F79EFBC}") = "ConsoleApp.Third", "Laboratory.Third\ConsoleApp.Third\ConsoleApp.Third.csproj", "{69C0F4F7-A0D6-4A0E-B792-463FA47DD274}"
EndProject
Project("{FAE04EC0-301F-11D3-BF4B-00C04F79EFBC}") = "TestProject.Third", "Laboratory.Third\TestProject.Third\TestProject.Third.csproj", "{86AC8AB9-A7CF-47D6-B6B6-EEB589FDE16A}"
EndProject
Project("{2150E333-8FDC-42A3-9474-1A3956D46DE8}") = "Laboratory.Fourth", "Laboratory.Fourth", "{8B402300-3B9B-2E77-A36F-692B9C3C8140}"
EndProject
Project("{FAE04EC0-301F-11D3-BF4B-00C04F79EFBC}") = "ClassLib.Fourth", "Laboratory.Fourth\ClassLib.Fourth\ClassLib.Fourth.csproj", "{09B4A2E8-909F-4F70-B60F-AE1AF978A646}"
EndProject
Project("{FAE04EC0-301F-11D3-BF4B-00C04F79EFBC}") = "TestProject.Fourth", "Laboratory.Fourth\TestProject.Fourth\TestProject.Fourth.csproj", "{DB3F4575-DE27-4663-8E1E-422B3DC9B05D}"
EndProject
Project("{FAE04EC0-301F-11D3-BF4B-00C04F79EFBC}") = "ConsoleApp.Fourth", "Laboratory.Fourth\ConsoleApp.Fourth\ConsoleApp.Fourth.csproj", "{77A4BDCB-CB42-4CD1-AE7E-8AD825B5725A}"
EndProject
Global
	GlobalSection(SolutionConfigurationPlatforms) = preSolution
		Debug|Any CPU = Debug|Any CPU
		Debug|x64 = Debug|x64
		Debug|x86 = Debug|x86
		Release|Any CPU = Release|Any CPU
		Release|x64 = Release|x64
		Release|x86 = Release|x86
	EndGlobalSection
	GlobalSection(ProjectConfigurationPlatforms) = postSolution
		{B4DD1CE5-7952-A00B-CD0E-E039BED1A1F4}.Debug|Any CPU.ActiveCfg = Debug|Any CPU
		{B4DD1CE5-7952-A00B-CD0E-E039BED1A1F4}.Debug|Any CPU.Build.0 = Debug|Any CPU
		{B4DD1CE5-7952-A00B-CD0E-E039BED1A1F4}.Debug|x64.ActiveCfg = Debug|Any CPU
		{B4DD1CE5-7952-A00B-CD0E-E039BED1A1F4}.Debug|x64.Build.0 = Debug|Any CPU
		{B4DD1CE5-7952-A00B-CD0E-E039BED1A1F4}.Debug|x86.ActiveCfg = Debug|Any CPU
		{B4DD1CE5-7952-A00B-CD0E-E039BED1A1F4}.Debug|x86.Build.0 = Debug|Any CPU
		{B4DD1CE5-7952-A00B-CD0E-E039BED1A1F4}.Release|Any CPU.ActiveCfg = Release|Any CPU
		{B4DD1CE5-7952-A00B-CD0E-E039BED1A1F4}.Release|Any CPU.Build.0 = Release|Any CPU
		{B4DD1CE5-7952-A00B-CD0E-E039BED1A1F4}.Release|x64.ActiveCfg = Release|Any CPU
		{B4DD1CE5-7952-A00B-CD0E-E039BED1A1F4}.Release|x64.Build.0 = Release|Any CPU
		{B4DD1CE5-7952-A00B-CD0E-E039BED1A1F4}.Release|x86.ActiveCfg = Release|Any CPU
		{B4DD1CE5-7952-A00B-CD0E-E039BED1A1F4}.Release|x86.Build.0 = Release|Any CPU
		{FF8C4E31-DCA4-4027-A616-04211FECF7A9}.Debug|Any CPU.ActiveCfg = Debug|Any CPU
		{FF8C4E31-DCA4-4027-A616-04211FECF7A9}.Debug|Any CPU.Build.0 = Debug|Any CPU
		{FF8C4E31-DCA4-4027-A616-04211FECF7A9}.Debug|x64.ActiveCfg = Debug|Any CPU
		{FF8C4E31-DCA4-4027-A616-04211FECF7A9}.Debug|x64.Build.0 = Debug|Any CPU
		{FF8C4E31-DCA4-4027-A616-04211FECF7A9}.Debug|x86.ActiveCfg = Debug|Any CPU
		{FF8C4E31-DCA4-4027-A616-04211FECF7A9}.Debug|x86.Build.0 = Debug|Any CPU
		{FF8C4E31-DCA4-4027-A616-04211FECF7A9}.Release|Any CPU.ActiveCfg = Release|Any CPU
		{FF8C4E31-DCA4-4027-A616-04211FECF7A9}.Release|Any CPU.Build.0 = Release|Any CPU
		{FF8C4E31-DCA4-4027-A616-04211FECF7A9}.Release|x64.ActiveCfg = Release|Any CPU
		{FF8C4E31-DCA4-4027-A616-04211FECF7A9}.Release|x64.Build.0 = Release|Any CPU
		{FF8C4E31-DCA4-4027-A616-04211FECF7A9}.Release|x86.ActiveCfg = Release|Any CPU
		{FF8C4E31-DCA4-4027-A616-04211FECF7A9}.Release|x86.Build.0 = Release|Any CPU
		{FEF0FD88-4E1B-4F5A-9739-AB85F8D3EFA9}.Debug|Any CPU.ActiveCfg = Debug|Any CPU
		{FEF0FD88-4E1B-4F5A-9739-AB85F8D3EFA9}.Debug|Any CPU.Build.0 = Debug|Any CPU
		{FEF0FD88-4E1B-4F5A-9739-AB85F8D3EFA9}.Debug|x64.ActiveCfg = Debug|Any CPU
		{FEF0FD88-4E1B-4F5A-9739-AB85F8D3EFA9}.Debug|x64.Build.0 = Debug|Any CPU
		{FEF0FD88-4E1B-4F5A-9739-AB85F8D3EFA9}.Debug|x86.ActiveCfg = Debug|Any CPU
		{FEF0FD88-4E1B-4F5A-9739-AB85F8D3EFA9}.Debug|x86.Build.0 = Debug|Any CPU
		{FEF0FD88-4E1B-4F5A-9739-AB85F8D3EFA9}.Release|Any CPU.ActiveCfg = Release|Any CPU
		{FEF0FD88-4E1B-4F5A-9739-AB85F8D3EFA9}.Release|Any CPU.Build.0 = Release|Any CPU
		{FEF0FD88-4E1B-4F5A-9739-AB85F8D3EFA9}.Release|x64.ActiveCfg = Release|Any CPU
		{FEF0FD88-4E1B-4F5A-9739-AB85F8D3EFA9}.Release|x64.Build.0 = Release|Any CPU
		{FEF0FD88-4E1B-4F5A-9739-AB85F8D3EFA9}.Release|x86.ActiveCfg = Release|Any CPU
		{FEF0FD88-4E1B-4F5A-9739-AB85F8D3EFA9}.Release|x86.Build.0 = Release|Any CPU
		{C093AE29-476D-43A5-A42B-15014A64ABB6}.Debug|Any CPU.ActiveCfg = Debug|Any CPU
		{C093AE29-476D-43A5-A42B-15014A64ABB6}.Debug|Any CPU.Build.0 = Debug|Any CPU
		{C093AE29-476D-43A5-A42B-15014A64ABB6}.Debug|x64.ActiveCfg = Debug|Any CPU
		{C093AE29-476D-43A5-A42B-15014A64ABB6}.Debug|x64.Build.0 = Debug|Any CPU
		{C093AE29-476D-43A5-A42B-15014A64ABB6}.Debug|x86.ActiveCfg = Debug|Any CPU
		{C093AE29-476D-43A5-A42B-15014A64ABB6}.Debug|x86.Build.0 = Debug|Any CPU
		{C093AE29-476D-43A5-A42B-15014A64ABB6}.Release|Any CPU.ActiveCfg = Release|Any CPU
		{C093AE29-476D-43A5-A42B-15014A64ABB6}.Release|Any CPU.Build.0 = Release|Any CPU
		{C093AE29-476D-43A5-A42B-15014A64ABB6}.Release|x64.ActiveCfg = Release|Any CPU
		{C093AE29-476D-43A5-A42B-15014A64ABB6}.Release|x64.Build.0 = Release|Any CPU
		{C093AE29-476D-43A5-A42B-15014A64ABB6}.Release|x86.ActiveCfg = Release|Any CPU
		{C093AE29-476D-43A5-A42B-15014A64ABB6}.Release|x86.Build.0 = Release|Any CPU
		{F6ACD5E2-341C-4BC7-9147-7FBD7669B673}.Debug|Any CPU.ActiveCfg = Debug|Any CPU
		{F6ACD5E2-341C-4BC7-9147-7FBD7669B673}.Debug|Any CPU.Build.0 = Debug|Any CPU
		{F6ACD5E2-341C-4BC7-9147-7FBD7669B673}.Debug|x64.ActiveCfg = Debug|Any CPU
		{F6ACD5E2-341C-4BC7-9147-7FBD7669B673}.Debug|x64.Build.0 = Debug|Any CPU
		{F6ACD5E2-341C-4BC7-9147-7FBD7669B673}.Debug|x86.ActiveCfg = Debug|Any CPU
		{F6ACD5E2-341C-4BC7-9147-7FBD7669B673}.Debug|x86.Build.0 = Debug|Any CPU
		{F6ACD5E2-341C-4BC7-9147-7FBD7669B673}.Release|Any CPU.ActiveCfg = Release|Any CPU
		{F6ACD5E2-341C-4BC7-9147-7FBD7669B673}.Release|Any CPU.Build.0 = Release|Any CPU
		{F6ACD5E2-341C-4BC7-9147-7FBD7669B673}.Release|x64.ActiveCfg = Release|Any CPU
		{F6ACD5E2-341C-4BC7-9147-7FBD7669B673}.Release|x64.Build.0 = Release|Any CPU
		{F6ACD5E2-341C-4BC7-9147-7FBD7669B673}.Release|x86.ActiveCfg = Release|Any CPU
		{F6ACD5E2-341C-4BC7-9147-7FBD7669B673}.Release|x86.Build.0 = Release|Any CPU
		{CE5D4901-CDF6-4A22-AD2F-FD61EAD4BB75}.Debug|Any CPU.ActiveCfg = Debug|Any CPU
		{CE5D4901-CDF6-4A22-AD2F-FD61EAD4BB75}.Debug|Any CPU.Build.0 = Debug|Any CPU
		{CE5D4901-CDF6-4A22-AD2F-FD61EAD4BB75}.Debug|x64.ActiveCfg = Debug|Any CPU
		{CE5D4901-CDF6-4A22-AD2F-FD61EAD4BB75}.Debug|x64.Build.0 = Debug|Any CPU
		{CE5D4901-CDF6-4A22-AD2F-FD61EAD4BB75}.Debug|x86.ActiveCfg = Debug|Any CPU
		{CE5D4901-CDF6-4A22-AD2F-FD61EAD4BB75}.Debug|x86.Build.0 = Debug|Any CPU
		{CE5D4901-CDF6-4A22-AD2F-FD61EAD4BB75}.Release|Any CPU.ActiveCfg = Release|Any CPU
		{CE5D4901-CDF6-4A22-AD2F-FD61EAD4BB75}.Release|Any CPU.Build.0 = Release|Any CPU
		{CE5D4901-CDF6-4A22-AD2F-FD61EAD4BB75}.Release|x64.ActiveCfg = Release|Any CPU
		{CE5D4901-CDF6-4A22-AD2F-FD61EAD4BB75}.Release|x64.Build.0 = Release|Any CPU
		{CE5D4901-CDF6-4A22-AD2F-FD61EAD4BB75}.Release|x86.ActiveCfg = Release|Any CPU
		{CE5D4901-CDF6-4A22-AD2F-FD61EAD4BB75}.Release|x86.Build.0 = Release|Any CPU
		{01B9BBC7-12DB-4184-9110-43C4DA6E7DF8}.Debug|Any CPU.ActiveCfg = Debug|Any CPU
		{01B9BBC7-12DB-4184-9110-43C4DA6E7DF8}.Debug|Any CPU.Build.0 = Debug|Any CPU
		{01B9BBC7-12DB-4184-9110-43C4DA6E7DF8}.Debug|x64.ActiveCfg = Debug|Any CPU
		{01B9BBC7-12DB-4184-9110-43C4DA6E7DF8}.Debug|x64.Build.0 = Debug|Any CPU
		{01B9BBC7-12DB-4184-9110-43C4DA6E7DF8}.Debug|x86.ActiveCfg = Debug|Any CPU
		{01B9BBC7-12DB-4184-9110-43C4DA6E7DF8}.Debug|x86.Build.0 = Debug|Any CPU
		{01B9BBC7-12DB-4184-9110-43C4DA6E7DF8}.Release|Any CPU.ActiveCfg = Release|Any CPU
		{01B9BBC7-12DB-4184-9110-43C4DA6E7DF8}.Release|Any CPU.Build.0 = Release|Any CPU
		{01B9BBC7-12DB-4184-9110-43C4DA6E7DF8}.Release|x64.ActiveCfg = Release|Any CPU
		{01B9BBC7-12DB-4184-9110-43C4DA6E7DF8}.Release|x64.Build.0 = Release|Any CPU
		{01B9BBC7-12DB-4184-9110-43C4DA6E7DF8}.Release|x86.ActiveCfg = Release|Any CPU
		{01B9BBC7-12DB-4184-9110-43C4DA6E7DF8}.Release|x86.Build.0 = Release|Any CPU
		{69C0F4F7-A0D6-4A0E-B792-463FA47DD274}.Debug|Any CPU.ActiveCfg = Debug|Any CPU
		{69C0F4F7-A0D6-4A0E-B792-463FA47DD274}.Debug|Any CPU.Build.0 = Debug|Any CPU
		{69C0F4F7-A0D6-4A0E-B792-463FA47DD274}.Debug|x64.ActiveCfg = Debug|Any CPU
		{69C0F4F7-A0D6-4A0E-B792-463FA47DD274}.Debug|x64.Build.0 = Debug|Any CPU
		{69C0F4F7-A0D6-4A0E-B792-463FA47DD274}.Debug|x86.ActiveCfg = Debug|Any CPU
		{69C0F4F7-A0D6-4A0E-B792-463FA47DD274}.Debug|x86.Build.0 = Debug|Any CPU
		{69C0F4F7-A0D6-4A0E-B792-463FA47DD274}.Release|Any CPU.ActiveCfg = Release|Any CPU
		{69C0F4F7-A0D6-4A0E-B792-463FA47DD274}.Release|Any CPU.Build.0 = Release|Any CPU
		{69C0F4F7-A0D6-4A0E-B792-463FA47DD274}.Release|x64.ActiveCfg = Release|Any CPU
		{69C0F4F7-A0D6-4A0E-B792-463FA47DD274}.Release|x64.Build.0 = Release|Any CPU
		{69C0F4F7-A0D6-4A0E-B792-463FA47DD274}.Release|x86.ActiveCfg = Release|Any CPU
		{69C0F4F7-A0D6-4A0E-B792-463FA47DD274}.Release|x86.Build.0 = Release|Any CPU
		{86AC8AB9-A7CF-47D6-B6B6-EEB589FDE16A}.Debug|Any CPU.ActiveCfg = Debug|Any CPU
		{86AC8AB9-A7CF-47D6-B6B6-EEB589FDE16A}.Debug|Any CPU.Build.0 = Debug|Any CPU
		{86AC8AB9-A7CF-47D6-B6B6-EEB589FDE16A}.Debug|x64.ActiveCfg = Debug|Any CPU
		{86AC8AB9-A7CF-47D6-B6B6-EEB589FDE16A}.Debug|x64.Build.0 = Debug|Any CPU
		{86AC8AB9-A7CF-47D6-B6B6-EEB589FDE16A}.Debug|x86.ActiveCfg = Debug|Any CPU
		{86AC8AB9-A7CF-47D6-B6B6-EEB589FDE16A}.Debug|x86.Build.0 = Debug|Any CPU
		{86AC8AB9-A7CF-47D6-B6B6-EEB589FDE16A}.Release|Any CPU.ActiveCfg = Release|Any CPU
		{86AC8AB9-A7CF-47D6-B6B6-EEB589FDE16A}.Release|Any CPU.Build.0 = Release|Any CPU
		{86AC8AB9-A7CF-47D6-B6B6-EEB589FDE16A}.Release|x64.ActiveCfg = Release|Any CPU
		{86AC8AB9-A7CF-47D6-B6B6-EEB589FDE16A}.Release|x64.Build.0 = Release|Any CPU
		{86AC8AB9-A7CF-47D6-B6B6-EEB589FDE16A}.Release|x86.ActiveCfg = Release|Any CPU
		{86AC8AB9-A7CF-47D6-B6B6-EEB589FDE16A}.Release|x86.Build.0 = Release|Any CPU
		{09B4A2E8-909F-4F70-B60F-AE1AF978A646}.Debug|Any CPU.ActiveCfg = Debug|Any CPU
		{09B4A2E8-909F-4F70-B60F-AE1AF978A646}.Debug|Any CPU.Build.0 = Debug|Any CPU
		{09B4A2E8-909F-4F70-B60F-AE1AF978A646}.Debug|x64.ActiveCfg = Debug|Any CPU
		{09B4A2E8-909F-4F70-B60F-AE1AF978A646}.Debug|x64.Build.0 = Debug|Any CPU
		{09B4A2E8-909F-4F70-B60F-AE1AF978A646}.Debug|x86.ActiveCfg = Debug|Any CPU
		{09B4A2E8-909F-4F70-B60F-AE1AF978A646}.Debug|x86.Build.0 = Debug|Any CPU
		{09B4A2E8-909F-4F70-B60F-AE1AF978A646}.Release|Any CPU.ActiveCfg = Release|Any CPU
		{09B4A2E8-909F-4F70-B60F-AE1AF978A646}.Release|Any CPU.Build.0 = Release|Any CPU
		{09B4A2E8-909F-4F70-B60F-AE1AF978A646}.Release|x64.ActiveCfg = Release|Any CPU
		{09B4A2E8-909F-4F70-B60F-AE1AF978A646}.Release|x64.Build.0 = Release|Any CPU
		{09B4A2E8-909F-4F70-B60F-AE1AF978A646}.Release|x86.ActiveCfg = Release|Any CPU
		{09B4A2E8-909F-4F70-B60F-AE1AF978A646}.Release|x86.Build.0 = Release|Any CPU
		{DB3F4575-DE27-4663-8E1E-422B3DC9B05D}.Debug|Any CPU.ActiveCfg = Debug|Any CPU
		{DB3F4575-DE27-4663-8E1E-422B3DC9B05D}.Debug|Any CPU.Build.0 = Debug|Any CPU
		{DB3F4575-DE27-4663-8E1E-422B3DC9B05D}.Debug|x64.ActiveCfg = Debug|Any CPU
		{DB3F4575-DE27-4663-8E1E-422B3DC9B05D}.Debug|x64.Build.0 = Debug|Any CPU
		{DB3F4575-DE27-4663-8E1E-422B3DC9B05D}.Debug|x86.ActiveCfg = Debug|Any CPU
		{DB3F4575-DE27-4663-8E1E-422B3DC9B05D}.Debug|x86.Build.0 = Debug|Any CPU
		{DB3F4575-DE27-4663-8E1E-422B3DC9B05D}.Release|Any CPU.ActiveCfg = Release|Any CPU
		{DB3F4575-DE27-4663-8E1E-422B3DC9B05D}.Release|Any CPU.Build.0 = Release|Any CPU
		{DB3F4575-DE27-4663-8E1E-422B3DC9B05D}.Release|x64.ActiveCfg = Release|Any CPU
		{DB3F4575-DE27-4663-8E1E-422B3DC9B05D}.Release|x64.Build.0 = Release|Any CPU
		{DB3F4575-DE27-4663-8E1E-422B3DC9B05D}.Release|x86.ActiveCfg = Release|Any CPU
		{DB3F4575-DE27-4663-8E1E-422B3DC9B05D}.Release|x86.Build.0 = Release|Any CPU
		{77A4BDCB-CB42-4CD1-AE7E-8AD825B5725A}.Debug|Any CPU.ActiveCfg = Debug|Any CPU
		{77A4BDCB-CB42-4CD1-AE7E-8AD825B5725A}.Debug|Any CPU.Build.0 = Debug|Any CPU
		{77A4BDCB-CB42-4CD1-AE7E-8AD825B5725A}.Debug|x64.ActiveCfg = Debug|Any CPU
		{77A4BDCB-CB42-4CD1-AE7E-8AD825B5725A}.Debug|x64.Build.0 = Debug|Any CPU
		{77A4BDCB-CB42-4CD1-AE7E-8AD825B5725A}.Debug|x86.ActiveCfg = Debug|Any CPU
		{77A4BDCB-CB42-4CD1-AE7E-8AD825B5725A}.Debug|x86.Build.0 = Debug|Any CPU
		{77A4BDCB-CB42-4CD1-AE7E-8AD825B5725A}.Release|Any CPU.ActiveCfg = Release|Any CPU
		{77A4BDCB-CB42-4CD1-AE7E-8AD825B5725A}.Release|Any CPU.Build.0 = Release|Any CPU
		{77A4BDCB-CB42-4CD1-AE7E-8AD825B5725A}.Release|x64.ActiveCfg = Release|Any CPU
		{77A4BDCB-CB42-4CD1-AE7E-8AD825B5725A}.Release|x64.Build.0 = Release|Any CPU
		{77A4BDCB-CB42-4CD1-AE7E-8AD825B5725A}.Release|x86.ActiveCfg = Release|Any CPU
		{77A4BDCB-CB42-4CD1-AE7E-8AD825B5725A}.Release|x86.Build.0 = Release|Any CPU
	EndGlobalSection
	GlobalSection(SolutionProperties) = preSolution
		HideSolutionNode = FALSE
	EndGlobalSection
	GlobalSection(NestedProjects) = preSolution
		{B4DD1CE5-7952-A00B-CD0E-E039BED1A1F4} = {F7A6A38C-7D38-51B1-C860-C0DE1FC8DC09}
		{FF8C4E31-DCA4-4027-A616-04211FECF7A9} = {F7A6A38C-7D38-51B1-C860-C0DE1FC8DC09}
		{FEF0FD88-4E1B-4F5A-9739-AB85F8D3EFA9} = {F7A6A38C-7D38-51B1-C860-C0DE1FC8DC09}
		{C093AE29-476D-43A5-A42B-15014A64ABB6} = {B252AE90-B35C-51FF-72BC-CBF7730B58CF}
		{F6ACD5E2-341C-4BC7-9147-7FBD7669B673} = {B252AE90-B35C-51FF-72BC-CBF7730B58CF}
		{CE5D4901-CDF6-4A22-AD2F-FD61EAD4BB75} = {B252AE90-B35C-51FF-72BC-CBF7730B58CF}
		{01B9BBC7-12DB-4184-9110-43C4DA6E7DF8} = {791FE5F1-C98C-71A1-BF72-BD2F7CF40B34}
		{69C0F4F7-A0D6-4A0E-B792-463FA47DD274} = {791FE5F1-C98C-71A1-BF72-BD2F7CF40B34}
		{86AC8AB9-A7CF-47D6-B6B6-EEB589FDE16A} = {791FE5F1-C98C-71A1-BF72-BD2F7CF40B34}
		{09B4A2E8-909F-4F70-B60F-AE1AF978A646} = {8B402300-3B9B-2E77-A36F-692B9C3C8140}
		{DB3F4575-DE27-4663-8E1E-422B3DC9B05D} = {8B402300-3B9B-2E77-A36F-692B9C3C8140}
		{77A4BDCB-CB42-4CD1-AE7E-8AD825B5725A} = {8B402300-3B9B-2E77-A36F-692B9C3C8140}
	EndGlobalSection
	GlobalSection(ExtensibilityGlobals) = postSolution
		SolutionGuid = {90587813-FBF8-45A5-98DF-627E283528F1}
	EndGlobalSection
EndGlobal
