
Microsoft Visual Studio Solution File, Format Version 12.00
# Visual Studio Version 17
VisualStudioVersion = 17.5.2.0
MinimumVisualStudioVersion = 10.0.40219.1
Project("{2150E333-8FDC-42A3-9474-1A3956D46DE8}") = "Laboratory.First", "Laboratory.First", "{F7A6A38C-7D38-51B1-C860-C0DE1FC8DC09}"
EndProject
Project("{FAE04EC0-301F-11D3-BF4B-00C04F79EFBC}") = "ClassLib", "Laboratory.First\ClassLib\ClassLib.csproj", "{B4DD1CE5-7952-A00B-CD0E-E039BED1A1F4}"
EndProject
Project("{FAE04EC0-301F-11D3-BF4B-00C04F79EFBC}") = "ConsoleApp", "Laboratory.First\ConsoleApp\ConsoleApp.csproj", "{FF8C4E31-DCA4-4027-A616-04211FECF7A9}"
EndProject
Project("{FAE04EC0-301F-11D3-BF4B-00C04F79EFBC}") = "TestProject", "Laboratory.First\TestProject\TestProject.csproj", "{FEF0FD88-4E1B-4F5A-9739-AB85F8D3EFA9}"
EndProject
Project("{2150E333-8FDC-42A3-9474-1A3956D46DE8}") = "Laboratory.Second", "Laboratory.Second", "{B252AE90-B35C-51FF-72BC-CBF7730B58CF}"
EndProject
Project("{FAE04EC0-301F-11D3-BF4B-00C04F79EFBC}") = "ClassLib", "Laboratory.Second\ClassLib\ClassLib.csproj", "{C093AE29-476D-43A5-A42B-15014A64ABB6}"
EndProject
Project("{FAE04EC0-301F-11D3-BF4B-00C04F79EFBC}") = "ConsoleApp", "Laboratory.Second\ConsoleApp\ConsoleApp.csproj", "{F6ACD5E2-341C-4BC7-9147-7FBD7669B673}"
EndProject
Global
	GlobalSection(SolutionConfigurationPlatforms) = preSolution
		Debug|Any CPU = Debug|Any CPU
		Debug|x64 = Debug|x64
		Debug|x86 = Debug|x86
		Release|Any CPU = Release|Any CPU
		Release|x64 = Release|x64
		Release|x86 = Release|x86
	EndGlobalSection
	GlobalSection(ProjectConfigurationPlatforms) = postSolution
		{B4DD1CE5-7952-A00B-CD0E-E039BED1A1F4}.Debug|Any CPU.ActiveCfg = Debug|Any CPU
		{B4DD1CE5-7952-A00B-CD0E-E039BED1A1F4}.Debug|Any CPU.Build.0 = Debug|Any CPU
		{B4DD1CE5-7952-A00B-CD0E-E039BED1A1F4}.Debug|x64.ActiveCfg = Debug|Any CPU
		{B4DD1CE5-7952-A00B-CD0E-E039BED1A1F4}.Debug|x64.Build.0 = Debug|Any CPU
		{B4DD1CE5-7952-A00B-CD0E-E039BED1A1F4}.Debug|x86.ActiveCfg = Debug|Any CPU
		{B4DD1CE5-7952-A00B-CD0E-E039BED1A1F4}.Debug|x86.Build.0 = Debug|Any CPU
		{B4DD1CE5-7952-A00B-CD0E-E039BED1A1F4}.Release|Any CPU.ActiveCfg = Release|Any CPU
		{B4DD1CE5-7952-A00B-CD0E-E039BED1A1F4}.Release|Any CPU.Build.0 = Release|Any CPU
		{B4DD1CE5-7952-A00B-CD0E-E039BED1A1F4}.Release|x64.ActiveCfg = Release|Any CPU
		{B4DD1CE5-7952-A00B-CD0E-E039BED1A1F4}.Release|x64.Build.0 = Release|Any CPU
		{B4DD1CE5-7952-A00B-CD0E-E039BED1A1F4}.Release|x86.ActiveCfg = Release|Any CPU
		{B4DD1CE5-7952-A00B-CD0E-E039BED1A1F4}.Release|x86.Build.0 = Release|Any CPU
		{FF8C4E31-DCA4-4027-A616-04211FECF7A9}.Debug|Any CPU.ActiveCfg = Debug|Any CPU
		{FF8C4E31-DCA4-4027-A616-04211FECF7A9}.Debug|Any CPU.Build.0 = Debug|Any CPU
		{FF8C4E31-DCA4-4027-A616-04211FECF7A9}.Debug|x64.ActiveCfg = Debug|Any CPU
		{FF8C4E31-DCA4-4027-A616-04211FECF7A9}.Debug|x64.Build.0 = Debug|Any CPU
		{FF8C4E31-DCA4-4027-A616-04211FECF7A9}.Debug|x86.ActiveCfg = Debug|Any CPU
		{FF8C4E31-DCA4-4027-A616-04211FECF7A9}.Debug|x86.Build.0 = Debug|Any CPU
		{FF8C4E31-DCA4-4027-A616-04211FECF7A9}.Release|Any CPU.ActiveCfg = Release|Any CPU
		{FF8C4E31-DCA4-4027-A616-04211FECF7A9}.Release|Any CPU.Build.0 = Release|Any CPU
		{FF8C4E31-DCA4-4027-A616-04211FECF7A9}.Release|x64.ActiveCfg = Release|Any CPU
		{FF8C4E31-DCA4-4027-A616-04211FECF7A9}.Release|x64.Build.0 = Release|Any CPU
		{FF8C4E31-DCA4-4027-A616-04211FECF7A9}.Release|x86.ActiveCfg = Release|Any CPU
		{FF8C4E31-DCA4-4027-A616-04211FECF7A9}.Release|x86.Build.0 = Release|Any CPU
		{FEF0FD88-4E1B-4F5A-9739-AB85F8D3EFA9}.Debug|Any CPU.ActiveCfg = Debug|Any CPU
		{FEF0FD88-4E1B-4F5A-9739-AB85F8D3EFA9}.Debug|Any CPU.Build.0 = Debug|Any CPU
		{FEF0FD88-4E1B-4F5A-9739-AB85F8D3EFA9}.Debug|x64.ActiveCfg = Debug|Any CPU
		{FEF0FD88-4E1B-4F5A-9739-AB85F8D3EFA9}.Debug|x64.Build.0 = Debug|Any CPU
		{FEF0FD88-4E1B-4F5A-9739-AB85F8D3EFA9}.Debug|x86.ActiveCfg = Debug|Any CPU
		{FEF0FD88-4E1B-4F5A-9739-AB85F8D3EFA9}.Debug|x86.Build.0 = Debug|Any CPU
		{FEF0FD88-4E1B-4F5A-9739-AB85F8D3EFA9}.Release|Any CPU.ActiveCfg = Release|Any CPU
		{FEF0FD88-4E1B-4F5A-9739-AB85F8D3EFA9}.Release|Any CPU.Build.0 = Release|Any CPU
		{FEF0FD88-4E1B-4F5A-9739-AB85F8D3EFA9}.Release|x64.ActiveCfg = Release|Any CPU
		{FEF0FD88-4E1B-4F5A-9739-AB85F8D3EFA9}.Release|x64.Build.0 = Release|Any CPU
		{FEF0FD88-4E1B-4F5A-9739-AB85F8D3EFA9}.Release|x86.ActiveCfg = Release|Any CPU
		{FEF0FD88-4E1B-4F5A-9739-AB85F8D3EFA9}.Release|x86.Build.0 = Release|Any CPU
		{C093AE29-476D-43A5-A42B-15014A64ABB6}.Debug|Any CPU.ActiveCfg = Debug|Any CPU
		{C093AE29-476D-43A5-A42B-15014A64ABB6}.Debug|Any CPU.Build.0 = Debug|Any CPU
		{C093AE29-476D-43A5-A42B-15014A64ABB6}.Debug|x64.ActiveCfg = Debug|Any CPU
		{C093AE29-476D-43A5-A42B-15014A64ABB6}.Debug|x64.Build.0 = Debug|Any CPU
		{C093AE29-476D-43A5-A42B-15014A64ABB6}.Debug|x86.ActiveCfg = Debug|Any CPU
		{C093AE29-476D-43A5-A42B-15014A64ABB6}.Debug|x86.Build.0 = Debug|Any CPU
		{C093AE29-476D-43A5-A42B-15014A64ABB6}.Release|Any CPU.ActiveCfg = Release|Any CPU
		{C093AE29-476D-43A5-A42B-15014A64ABB6}.Release|Any CPU.Build.0 = Release|Any CPU
		{C093AE29-476D-43A5-A42B-15014A64ABB6}.Release|x64.ActiveCfg = Release|Any CPU
		{C093AE29-476D-43A5-A42B-15014A64ABB6}.Release|x64.Build.0 = Release|Any CPU
		{C093AE29-476D-43A5-A42B-15014A64ABB6}.Release|x86.ActiveCfg = Release|Any CPU
		{C093AE29-476D-43A5-A42B-15014A64ABB6}.Release|x86.Build.0 = Release|Any CPU
		{F6ACD5E2-341C-4BC7-9147-7FBD7669B673}.Debug|Any CPU.ActiveCfg = Debug|Any CPU
		{F6ACD5E2-341C-4BC7-9147-7FBD7669B673}.Debug|Any CPU.Build.0 = Debug|Any CPU
		{F6ACD5E2-341C-4BC7-9147-7FBD7669B673}.Debug|x64.ActiveCfg = Debug|Any CPU
		{F6ACD5E2-341C-4BC7-9147-7FBD7669B673}.Debug|x64.Build.0 = Debug|Any CPU
		{F6ACD5E2-341C-4BC7-9147-7FBD7669B673}.Debug|x86.ActiveCfg = Debug|Any CPU
		{F6ACD5E2-341C-4BC7-9147-7FBD7669B673}.Debug|x86.Build.0 = Debug|Any CPU
		{F6ACD5E2-341C-4BC7-9147-7FBD7669B673}.Release|Any CPU.ActiveCfg = Release|Any CPU
		{F6ACD5E2-341C-4BC7-9147-7FBD7669B673}.Release|Any CPU.Build.0 = Release|Any CPU
		{F6ACD5E2-341C-4BC7-9147-7FBD7669B673}.Release|x64.ActiveCfg = Release|Any CPU
		{F6ACD5E2-341C-4BC7-9147-7FBD7669B673}.Release|x64.Build.0 = Release|Any CPU
		{F6ACD5E2-341C-4BC7-9147-7FBD7669B673}.Release|x86.ActiveCfg = Release|Any CPU
		{F6ACD5E2-341C-4BC7-9147-7FBD7669B673}.Release|x86.Build.0 = Release|Any CPU
	EndGlobalSection
	GlobalSection(SolutionProperties) = preSolution
		HideSolutionNode = FALSE
	EndGlobalSection
	GlobalSection(NestedProjects) = preSolution
		{B4DD1CE5-7952-A00B-CD0E-E039BED1A1F4} = {F7A6A38C-7D38-51B1-C860-C0DE1FC8DC09}
		{FF8C4E31-DCA4-4027-A616-04211FECF7A9} = {F7A6A38C-7D38-51B1-C860-C0DE1FC8DC09}
		{FEF0FD88-4E1B-4F5A-9739-AB85F8D3EFA9} = {F7A6A38C-7D38-51B1-C860-C0DE1FC8DC09}
		{C093AE29-476D-43A5-A42B-15014A64ABB6} = {B252AE90-B35C-51FF-72BC-CBF7730B58CF}
		{F6ACD5E2-341C-4BC7-9147-7FBD7669B673} = {B252AE90-B35C-51FF-72BC-CBF7730B58CF}
	EndGlobalSection
	GlobalSection(ExtensibilityGlobals) = postSolution
		SolutionGuid = {90587813-FBF8-45A5-98DF-627E283528F1}
	EndGlobalSection
EndGlobal
